# THIS IS AN AUTOGENERATED FILE. DO NOT EDIT THIS FILE DIRECTLY.
# yarn lockfile v1


agent-base@4, agent-base@^4.1.0:
  version "4.3.0"
  resolved "https://registry.yarnpkg.com/agent-base/-/agent-base-4.3.0.tgz#8165f01c436009bccad0b1d122f05ed770efc6ee"
  integrity sha512-salcGninV0nPrwpGNn4VTXBb1SOuXQBiqbrNXoeizJsHrsL6ERFM2Ne3JUSBWRE6aeNJI2ROP/WEEIDUiDe3cg==
  dependencies:
    es6-promisify "^5.0.0"

argparse@^1.0.7:
  version "1.0.10"
  resolved "https://registry.yarnpkg.com/argparse/-/argparse-1.0.10.tgz#bcd6791ea5ae09725e17e5ad988134cd40b3d911"
  integrity sha512-o5Roy6tNG4SL/FOkCAN6RzjiakZS25RLYFrcMttJqbdd8BWrnA+fGz57iN5Pb06pvBGvl5gQ0B48dJlslXvoTg==
  dependencies:
    sprintf-js "~1.0.2"

coc-highlight@^1.2.2:
  version "1.2.2"
  resolved "https://registry.yarnpkg.com/coc-highlight/-/coc-highlight-1.2.2.tgz#9d8dae16f3c6100c3b1b14d27b2cc68d041375f3"
  integrity sha512-ujZ+7KYd5agMvYNpUrLsEVwWlyczyK+uYHSB733BUF6BtdaVbYP5dJo2R1fIfwEdSKgLWSfHvPXDFT1CWC/DYg==

coc-json@^1.2.2:
  version "1.2.2"
  resolved "https://registry.yarnpkg.com/coc-json/-/coc-json-1.2.2.tgz#f499f583a4831e1a362d8c37e547245605ccd32e"
  integrity sha512-H3Xk1D4Y40VMkwM4UDjedFMelRZWGzEBuU4r2iYE07gepYPVGzqzTlqCSWqOLeH4CXY52gF/QkWrOn7AY6CFaw==

coc-rls@^1.1.2:
  version "1.1.2"
  resolved "https://registry.yarnpkg.com/coc-rls/-/coc-rls-1.1.2.tgz#d9853a1a26790c305def086b91d2c1816a602d7e"
  integrity sha512-+srC3IcThFUvKChqnx/JwAUs0OJMrjjPXtjgLmrlUOZF211LHq8oYxxQQaf7mDAMDyDEyMgWQ615mJZP7s/3EQ==

coc-solargraph@^1.1.2:
  version "1.1.2"
  resolved "https://registry.yarnpkg.com/coc-solargraph/-/coc-solargraph-1.1.2.tgz#8ca580495de63d3157c260f642a37f4d3fd37c50"
  integrity sha512-Cmh5zrp7paE+rIR8ogHDJBsPjzpB0yg0RfZT195WVwsV2leCkVvrCIhNTXUi9CV2XKOkIkXAONZ7EbAsySCHdg==

coc-yaml@^1.0.2:
  version "1.0.2"
  resolved "https://registry.yarnpkg.com/coc-yaml/-/coc-yaml-1.0.2.tgz#9e6b141a650385ff9cf2d4e913ccbffaf1b90705"
  integrity sha512-9EHs/bsv16sCAAJK4I6SMOcIwMZYYgw5SGhVhI+pMqcxbl40mZdWmEQSqNxTY4yYScBy+JWYRMm6cKmctbgrZw==
  dependencies:
    yaml-language-server "^0.4.0"

debug@3.1.0:
  version "3.1.0"
  resolved "https://registry.yarnpkg.com/debug/-/debug-3.1.0.tgz#5bb5a0672628b64149566ba16819e61518c67261"
  integrity sha512-OX8XqP7/1a9cqkxYw2yXss15f26NKWBpDXQd0/uK/KPqdQhxbPa994hnzjcE2VqQpDslf55723cKPUOGSmMY3g==
  dependencies:
    ms "2.0.0"

debug@^3.1.0:
  version "3.2.6"
  resolved "https://registry.yarnpkg.com/debug/-/debug-3.2.6.tgz#e83d17de16d8a7efb7717edbe5fb10135eee629b"
  integrity sha512-mel+jf7nrtEl5Pn1Qx46zARXKDpBbvzezse7p7LqINmdoIk8PYP5SySaxEmYv6TZ0JyEKA1hsCId6DIhgITtWQ==
  dependencies:
    ms "^2.1.1"

es6-promise@^4.0.3:
  version "4.2.8"
  resolved "https://registry.yarnpkg.com/es6-promise/-/es6-promise-4.2.8.tgz#4eb21594c972bc40553d276e510539143db53e0a"
  integrity sha512-HJDGx5daxeIvxdBxvG2cb9g4tEvwIk3i8+nhX0yGrYmZUzbkdg8QbDevheDB8gd0//uPj4c1EQua8Q+MViT0/w==

es6-promisify@^5.0.0:
  version "5.0.0"
  resolved "https://registry.yarnpkg.com/es6-promisify/-/es6-promisify-5.0.0.tgz#5109d62f3e56ea967c4b63505aef08291c8a5203"
  integrity sha1-UQnWLz5W6pZ8S2NQWu8IKRyKUgM=
  dependencies:
    es6-promise "^4.0.3"

esprima@^4.0.0:
  version "4.0.1"
  resolved "https://registry.yarnpkg.com/esprima/-/esprima-4.0.1.tgz#13b04cdb3e6c5d19df91ab6987a8695619b0aa71"
  integrity sha512-eGuFFw7Upda+g4p+QHvnW0RyTX/SVeJBDM/gCtMARO0cLuT2HcEKnTPvhjV6aGeqrCB/sbNop0Kszm0jsaWU4A==

http-proxy-agent@^2.1.0:
  version "2.1.0"
  resolved "https://registry.yarnpkg.com/http-proxy-agent/-/http-proxy-agent-2.1.0.tgz#e4821beef5b2142a2026bd73926fe537631c5405"
  integrity sha512-qwHbBLV7WviBl0rQsOzH6o5lwyOIvwp/BdFnvVxXORldu5TmjFfjzBcWUWS5kWAZhmv+JtiDhSuQCp4sBfbIgg==
  dependencies:
    agent-base "4"
    debug "3.1.0"

https-proxy-agent@^2.2.1:
  version "2.2.1"
  resolved "https://registry.yarnpkg.com/https-proxy-agent/-/https-proxy-agent-2.2.1.tgz#51552970fa04d723e04c56d04178c3f92592bbc0"
  integrity sha512-HPCTS1LW51bcyMYbxUIOO4HEOlQ1/1qRaFWcyxvwaqUS9TY88aoEuHUY33kuAh1YhVVaDQhLZsnPd+XNARWZlQ==
  dependencies:
    agent-base "^4.1.0"
    debug "^3.1.0"

js-yaml@^3.12.0:
  version "3.13.1"
  resolved "https://registry.yarnpkg.com/js-yaml/-/js-yaml-3.13.1.tgz#aff151b30bfdfa8e49e05da22e7415e9dfa37847"
  integrity sha512-YfbcO7jXDdyj0DGxYVSlSeQNHbD7XPWvrVWeVUujrQEoZzWJIRrCPoyk6kL6IAjAG2IolMK4T0hNUe0HOUs5Jw==
  dependencies:
    argparse "^1.0.7"
    esprima "^4.0.0"

jsonc-parser@^1.0.3:
  version "1.0.3"
  resolved "https://registry.yarnpkg.com/jsonc-parser/-/jsonc-parser-1.0.3.tgz#1d53d7160e401a783dbceabaad82473f80e6ad7e"
  integrity sha512-hk/69oAeaIzchq/v3lS50PXuzn5O2ynldopMC+SWBql7J2WtdptfB9dy8Y7+Og5rPkTCpn83zTiO8FMcqlXJ/g==

jsonc-parser@^2.0.0-next.1:
  version "2.1.0"
  resolved "https://registry.yarnpkg.com/jsonc-parser/-/jsonc-parser-2.1.0.tgz#eb0d0c7a3c33048524ce3574c57c7278fb2f1bf3"
  integrity sha512-n9GrT8rrr2fhvBbANa1g+xFmgGK5X91KFeDwlKQ3+SJfmH5+tKv/M/kahx/TXOMflfWHKGKqKyfHQaLKTNzJ6w==

ms@2.0.0:
  version "2.0.0"
  resolved "https://registry.yarnpkg.com/ms/-/ms-2.0.0.tgz#5608aeadfc00be6c2901df5f9861788de0d597c8"
  integrity sha1-VgiurfwAvmwpAd9fmGF4jeDVl8g=

ms@^2.1.1:
  version "2.1.2"
  resolved "https://registry.yarnpkg.com/ms/-/ms-2.1.2.tgz#d09d1f357b443f493382a8eb3ccd183872ae6009"
  integrity sha512-sGkPx+VjMtmA6MX27oA4FBFELFCZZ4S4XqeGOXCv68tT+jb3vk/RyaKWP0PTKyWtmLSM0b+adUTEvbs1PEaH2w==

prettier@^1.15.2:
  version "1.18.2"
  resolved "https://registry.yarnpkg.com/prettier/-/prettier-1.18.2.tgz#6823e7c5900017b4bd3acf46fe9ac4b4d7bda9ea"
  integrity sha512-OeHeMc0JhFE9idD4ZdtNibzY0+TPHSpSSb9h8FqtP+YnoZZ1sl8Vc9b1sasjfymH3SonAF4QcA2+mzHPhMvIiw==

request-light@^0.2.3:
  version "0.2.4"
  resolved "https://registry.yarnpkg.com/request-light/-/request-light-0.2.4.tgz#3cea29c126682e6bcadf7915353322eeba01a755"
  integrity sha512-pM9Fq5jRnSb+82V7M97rp8FE9/YNeP2L9eckB4Szd7lyeclSIx02aIpPO/6e4m6Dy31+FBN/zkFMTd2HkNO3ow==
  dependencies:
    http-proxy-agent "^2.1.0"
    https-proxy-agent "^2.2.1"
    vscode-nls "^4.0.0"

sprintf-js@~1.0.2:
  version "1.0.3"
  resolved "https://registry.yarnpkg.com/sprintf-js/-/sprintf-js-1.0.3.tgz#04e6926f662895354f3dd015203633b857297e2c"
  integrity sha1-BOaSb2YolTVPPdAVIDYzuFcpfiw=

vscode-json-languageservice@3.0.12:
  version "3.0.12"
  resolved "https://registry.yarnpkg.com/vscode-json-languageservice/-/vscode-json-languageservice-3.0.12.tgz#85258632f2f7718028fbdfbb95b4ad009107b821"
  integrity sha512-XSgRVY/vsPqOa//ZwLD5DWx1wzTQGgeZfsOlVqFlLya10dpimSnd27kbuL45hzxh4B+MvmHZtZeWQKjSYnNF0A==
  dependencies:
    jsonc-parser "^2.0.0-next.1"
    vscode-languageserver-types "^3.6.1"
    vscode-nls "^3.2.1"
    vscode-uri "^1.0.3"

vscode-jsonrpc@^4.0.0:
  version "4.0.0"
  resolved "https://registry.yarnpkg.com/vscode-jsonrpc/-/vscode-jsonrpc-4.0.0.tgz#a7bf74ef3254d0a0c272fab15c82128e378b3be9"
  integrity sha512-perEnXQdQOJMTDFNv+UF3h1Y0z4iSiaN9jIlb0OqIYgosPCZGYh/MCUlkFtV2668PL69lRDO32hmvL2yiidUYg==

vscode-languageserver-protocol@^3.10.3:
  version "3.14.1"
  resolved "https://registry.yarnpkg.com/vscode-languageserver-protocol/-/vscode-languageserver-protocol-3.14.1.tgz#b8aab6afae2849c84a8983d39a1cf742417afe2f"
  integrity sha512-IL66BLb2g20uIKog5Y2dQ0IiigW0XKrvmWiOvc0yXw80z3tMEzEnHjaGAb3ENuU7MnQqgnYJ1Cl2l9RvNgDi4g==
  dependencies:
    vscode-jsonrpc "^4.0.0"
    vscode-languageserver-types "3.14.0"

vscode-languageserver-types@3.14.0, vscode-languageserver-types@^3.6.1:
  version "3.14.0"
  resolved "https://registry.yarnpkg.com/vscode-languageserver-types/-/vscode-languageserver-types-3.14.0.tgz#d3b5952246d30e5241592b6dde8280e03942e743"
  integrity sha512-lTmS6AlAlMHOvPQemVwo3CezxBp0sNB95KNPkqp3Nxd5VFEnuG1ByM0zlRWos0zjO3ZWtkvhal0COgiV1xIA4A==

vscode-languageserver@^4.0.0:
  version "4.4.2"
  resolved "https://registry.yarnpkg.com/vscode-languageserver/-/vscode-languageserver-4.4.2.tgz#600ae9cc7a6ff1e84d93c7807840c2cb5b22821b"
  integrity sha512-61y8Raevi9EigDgg9NelvT9cUAohiEbUl1LOwQQgOCAaNX62yKny/ddi0uC+FUTm4CzsjhBu+06R+vYgfCYReA==
  dependencies:
    vscode-languageserver-protocol "^3.10.3"
    vscode-uri "^1.0.5"

vscode-nls@^3.2.1, vscode-nls@^3.2.2:
  version "3.2.5"
  resolved "https://registry.yarnpkg.com/vscode-nls/-/vscode-nls-3.2.5.tgz#25520c1955108036dec607c85e00a522f247f1a4"
  integrity sha512-ITtoh3V4AkWXMmp3TB97vsMaHRgHhsSFPsUdzlueSL+dRZbSNTZeOmdQv60kjCV306ghPxhDeoNUEm3+EZMuyw==

vscode-nls@^4.0.0:
  version "4.1.1"
  resolved "https://registry.yarnpkg.com/vscode-nls/-/vscode-nls-4.1.1.tgz#f9916b64e4947b20322defb1e676a495861f133c"
  integrity sha512-4R+2UoUUU/LdnMnFjePxfLqNhBS8lrAFyX7pjb2ud/lqDkrUavFUTcG7wR0HBZFakae0Q6KLBFjMS6W93F403A==

vscode-uri@^1.0.3, vscode-uri@^1.0.5, vscode-uri@^1.0.6:
  version "1.0.8"
  resolved "https://registry.yarnpkg.com/vscode-uri/-/vscode-uri-1.0.8.tgz#9769aaececae4026fb6e22359cb38946580ded59"
  integrity sha512-obtSWTlbJ+a+TFRYGaUumtVwb+InIUVI0Lu0VBUAPmj2cU5JutEXg3xUE0c2J5Tcy7h2DEKVJBFi+Y9ZSFzzPQ==

yaml-ast-parser-custom-tags@0.0.43:
  version "0.0.43"
  resolved "https://registry.yarnpkg.com/yaml-ast-parser-custom-tags/-/yaml-ast-parser-custom-tags-0.0.43.tgz#46968145ce4e24cb03c3312057f0f141b93a7d02"
  integrity sha512-R5063FF/JSAN6qXCmylwjt9PcDH6M0ExEme/nJBzLspc6FJDmHHIqM7xh2WfEmsTJqClF79A9VkXjkAqmZw9SQ==

yaml-language-server@^0.4.0:
  version "0.4.1"
  resolved "https://registry.yarnpkg.com/yaml-language-server/-/yaml-language-server-0.4.1.tgz#746655bd1db0a109e0a5c74408983cf3c57329ee"
  integrity sha512-KBGu6CvInpp2sZbAWiEqd0No7DKx8VKCvihKCcBQPIFM+eC8t02CnscsEaoMQMdvi5ceqcVzKkTgJdWPo6qi3Q==
  dependencies:
    js-yaml "^3.12.0"
    jsonc-parser "^1.0.3"
    prettier "^1.15.2"
    request-light "^0.2.3"
    vscode-json-languageservice "3.0.12"
    vscode-languageserver "^4.0.0"
    vscode-languageserver-types "^3.6.1"
    vscode-nls "^3.2.2"
    vscode-uri "^1.0.6"
    yaml-ast-parser-custom-tags "0.0.43"
